// !$*UTF8*$!
{
	archiveVersion = 1;
	classes = {
	};
	objectVersion = 50;
	objects = {

/* Begin PBXBuildFile section */
		348E0E9723B4C0B20026B80A /* ImagePicker.swift in Sources */ = {isa = PBXBuildFile; fileRef = 348E0E9623B4C0B20026B80A /* ImagePicker.swift */; };
		34C1026A23B3784A007BA85F /* AppDelegate.swift in Sources */ = {isa = PBXBuildFile; fileRef = 34C1026923B3784A007BA85F /* AppDelegate.swift */; };
		34C1026C23B3784A007BA85F /* SceneDelegate.swift in Sources */ = {isa = PBXBuildFile; fileRef = 34C1026B23B3784A007BA85F /* SceneDelegate.swift */; };
		34C1026F23B3784A007BA85F /* BetterInstafilter.xcdatamodeld in Sources */ = {isa = PBXBuildFile; fileRef = 34C1026D23B3784A007BA85F /* BetterInstafilter.xcdatamodeld */; };
		34C1027123B3784A007BA85F /* ContentView.swift in Sources */ = {isa = PBXBuildFile; fileRef = 34C1027023B3784A007BA85F /* ContentView.swift */; };
		34C1027323B3784C007BA85F /* Assets.xcassets in Resources */ = {isa = PBXBuildFile; fileRef = 34C1027223B3784C007BA85F /* Assets.xcassets */; };
		34C1027623B3784C007BA85F /* Preview Assets.xcassets in Resources */ = {isa = PBXBuildFile; fileRef = 34C1027523B3784C007BA85F /* Preview Assets.xcassets */; };
		34C1027923B3784C007BA85F /* LaunchScreen.storyboard in Resources */ = {isa = PBXBuildFile; fileRef = 34C1027723B3784C007BA85F /* LaunchScreen.storyboard */; };
/* End PBXBuildFile section */

/* Begin PBXFileReference section */
		348E0E9623B4C0B20026B80A /* ImagePicker.swift */ = {isa = PBXFileReference; lastKnownFileType = sourcecode.swift; path = ImagePicker.swift; sourceTree = "<group>"; };
		34C1026623B3784A007BA85F /* BetterInstafilter.app */ = {isa = PBXFileReference; explicitFileType = wrapper.application; includeInIndex = 0; path = BetterInstafilter.app; sourceTree = BUILT_PRODUCTS_DIR; };
		34C1026923B3784A007BA85F /* AppDelegate.swift */ = {isa = PBXFileReference; lastKnownFileType = sourcecode.swift; path = AppDelegate.swift; sourceTree = "<group>"; };
		34C1026B23B3784A007BA85F /* SceneDelegate.swift */ = {isa = PBXFileReference; lastKnownFileType = sourcecode.swift; path = SceneDelegate.swift; sourceTree = "<group>"; };
		34C1026E23B3784A007BA85F /* BetterInstafilter.xcdatamodel */ = {isa = PBXFileReference; lastKnownFileType = wrapper.xcdatamodel; path = BetterInstafilter.xcdatamodel; sourceTree = "<group>"; };
		34C1027023B3784A007BA85F /* ContentView.swift */ = {isa = PBXFileReference; lastKnownFileType = sourcecode.swift; path = ContentView.swift; sourceTree = "<group>"; };
		34C1027223B3784C007BA85F /* Assets.xcassets */ = {isa = PBXFileReference; lastKnownFileType = folder.assetcatalog; path = Assets.xcassets; sourceTree = "<group>"; };
		34C1027523B3784C007BA85F /* Preview Assets.xcassets */ = {isa = PBXFileReference; lastKnownFileType = folder.assetcatalog; path = "Preview Assets.xcassets"; sourceTree = "<group>"; };
		34C1027823B3784C007BA85F /* Base */ = {isa = PBXFileReference; lastKnownFileType = file.storyboard; name = Base; path = Base.lproj/LaunchScreen.storyboard; sourceTree = "<group>"; };
		34C1027A23B3784C007BA85F /* Info.plist */ = {isa = PBXFileReference; lastKnownFileType = text.plist.xml; path = Info.plist; sourceTree = "<group>"; };
/* End PBXFileReference section */

/* Begin PBXFrameworksBuildPhase section */
		34C1026323B3784A007BA85F /* Frameworks */ = {
			isa = PBXFrameworksBuildPhase;
			buildActionMask = 2147483647;
			files = (
			);
			runOnlyForDeploymentPostprocessing = 0;
		};
/* End PBXFrameworksBuildPhase section */

/* Begin PBXGroup section */
		34C1025D23B3784A007BA85F = {
			isa = PBXGroup;
			children = (
				34C1026823B3784A007BA85F /* BetterInstafilter */,
				34C1026723B3784A007BA85F /* Products */,
			);
			sourceTree = "<group>";
		};
		34C1026723B3784A007BA85F /* Products */ = {
			isa = PBXGroup;
			children = (
				34C1026623B3784A007BA85F /* BetterInstafilter.app */,
			);
			name = Products;
			sourceTree = "<group>";
		};
		34C1026823B3784A007BA85F /* BetterInstafilter */ = {
			isa = PBXGroup;
			children = (
				34C1026923B3784A007BA85F /* AppDelegate.swift */,
				34C1026B23B3784A007BA85F /* SceneDelegate.swift */,
				34C1027023B3784A007BA85F /* ContentView.swift */,
				34C1027223B3784C007BA85F /* Assets.xcassets */,
				34C1027723B3784C007BA85F /* LaunchScreen.storyboard */,
				34C1027A23B3784C007BA85F /* Info.plist */,
				34C1026D23B3784A007BA85F /* BetterInstafilter.xcdatamodeld */,
				34C1027423B3784C007BA85F /* Preview Content */,
				348E0E9623B4C0B20026B80A /* ImagePicker.swift */,
			);
			path = BetterInstafilter;
			sourceTree = "<group>";
		};
		34C1027423B3784C007BA85F /* Preview Content */ = {
			isa = PBXGroup;
			children = (
				34C1027523B3784C007BA85F /* Preview Assets.xcassets */,
			);
			path = "Preview Content";
			sourceTree = "<group>";
		};
/* End PBXGroup section */

/* Begin PBXNativeTarget section */
		34C1026523B3784A007BA85F /* BetterInstafilter */ = {
			isa = PBXNativeTarget;
			buildConfigurationList = 34C1027D23B3784C007BA85F /* Build configuration list for PBXNativeTarget "BetterInstafilter" */;
			buildPhases = (
				34C1026223B3784A007BA85F /* Sources */,
				34C1026323B3784A007BA85F /* Frameworks */,
				34C1026423B3784A007BA85F /* Resources */,
			);
			buildRules = (
			);
			dependencies = (
			);
			name = BetterInstafilter;
			productName = BetterInstafilter;
			productReference = 34C1026623B3784A007BA85F /* BetterInstafilter.app */;
			productType = "com.apple.product-type.application";
		};
/* End PBXNativeTarget section */

/* Begin PBXProject section */
		34C1025E23B3784A007BA85F /* Project object */ = {
			isa = PBXProject;
			attributes = {
				LastSwiftUpdateCheck = 1110;
				LastUpgradeCheck = 1110;
				ORGANIZATIONNAME = "Vitali Tatarintev";
				TargetAttributes = {
					34C1026523B3784A007BA85F = {
						CreatedOnToolsVersion = 11.1;
					};
				};
			};
			buildConfigurationList = 34C1026123B3784A007BA85F /* Build configuration list for PBXProject "BetterInstafilter" */;
			compatibilityVersion = "Xcode 9.3";
			developmentRegion = en;
			hasScannedForEncodings = 0;
			knownRegions = (
				en,
				Base,
			);
			mainGroup = 34C1025D23B3784A007BA85F;
			productRefGroup = 34C1026723B3784A007BA85F /* Products */;
			projectDirPath = "";
			projectRoot = "";
			targets = (
				34C1026523B3784A007BA85F /* BetterInstafilter */,
			);
		};
/* End PBXProject section */

/* Begin PBXResourcesBuildPhase section */
		34C1026423B3784A007BA85F /* Resources */ = {
			isa = PBXResourcesBuildPhase;
			buildActionMask = 2147483647;
			files = (
				34C1027923B3784C007BA85F /* LaunchScreen.storyboard in Resources */,
				34C1027623B3784C007BA85F /* Preview Assets.xcassets in Resources */,
				34C1027323B3784C007BA85F /* Assets.xcassets in Resources */,
			);
			runOnlyForDeploymentPostprocessing = 0;
		};
/* End PBXResourcesBuildPhase section */

/* Begin PBXSourcesBuildPhase section */
		34C1026223B3784A007BA85F /* Sources */ = {
			isa = PBXSourcesBuildPhase;
			buildActionMask = 2147483647;
			files = (
				34C1026F23B3784A007BA85F /* BetterInstafilter.xcdatamodeld in Sources */,
				34C1026A23B3784A007BA85F /* AppDelegate.swift in Sources */,
				348E0E9723B4C0B20026B80A /* ImagePicker.swift in Sources */,
				34C1027123B3784A007BA85F /* ContentView.swift in Sources */,
				34C1026C23B3784A007BA85F /* SceneDelegate.swift in Sources */,
			);
			runOnlyForDeploymentPostprocessing = 0;
		};
/* End PBXSourcesBuildPhase section */

/* Begin PBXVariantGroup section */
		34C1027723B3784C007BA85F /* LaunchScreen.storyboard */ = {
			isa = PBXVariantGroup;
			children = (
				34C1027823B3784C007BA85F /* Base */,
			);
			name = LaunchScreen.storyboard;
			sourceTree = "<group>";
		};
/* End PBXVariantGroup section */

/* Begin XCBuildConfiguration section */
		34C1027B23B3784C007BA85F /* Debug */ = {
			isa = XCBuildConfiguration;
			buildSettings = {
				ALWAYS_SEARCH_USER_PATHS = NO;
				CLANG_ANALYZER_NONNULL = YES;
				CLANG_ANALYZER_NUMBER_OBJECT_CONVERSION = YES_AGGRESSIVE;
				CLANG_CXX_LANGUAGE_STANDARD = "gnu++14";
				CLANG_CXX_LIBRARY = "libc++";
				CLANG_ENABLE_MODULES = YES;
				CLANG_ENABLE_OBJC_ARC = YES;
				CLANG_ENABLE_OBJC_WEAK = YES;
				CLANG_WARN_BLOCK_CAPTURE_AUTORELEASING = YES;
				CLANG_WARN_BOOL_CONVERSION = YES;
				CLANG_WARN_COMMA = YES;
				CLANG_WARN_CONSTANT_CONVERSION = YES;
				CLANG_WARN_DEPRECATED_OBJC_IMPLEMENTATIONS = YES;
				CLANG_WARN_DIRECT_OBJC_ISA_USAGE = YES_ERROR;
				CLANG_WARN_DOCUMENTATION_COMMENTS = YES;
				CLANG_WARN_EMPTY_BODY = YES;
				CLANG_WARN_ENUM_CONVERSION = YES;
				CLANG_WARN_INFINITE_RECURSION = YES;
				CLANG_WARN_INT_CONVERSION = YES;
				CLANG_WARN_NON_LITERAL_NULL_CONVERSION = YES;
				CLANG_WARN_OBJC_IMPLICIT_RETAIN_SELF = YES;
				CLANG_WARN_OBJC_LITERAL_CONVERSION = YES;
				CLANG_WARN_OBJC_ROOT_CLASS = YES_ERROR;
				CLANG_WARN_RANGE_LOOP_ANALYSIS = YES;
				CLANG_WARN_STRICT_PROTOTYPES = YES;
				CLANG_WARN_SUSPICIOUS_MOVE = YES;
				CLANG_WARN_UNGUARDED_AVAILABILITY = YES_AGGRESSIVE;
				CLANG_WARN_UNREACHABLE_CODE = YES;
				CLANG_WARN__DUPLICATE_METHOD_MATCH = YES;
				COPY_PHASE_STRIP = NO;
				DEBUG_INFORMATION_FORMAT = dwarf;
				ENABLE_STRICT_OBJC_MSGSEND = YES;
				ENABLE_TESTABILITY = YES;
				GCC_C_LANGUAGE_STANDARD = gnu11;
				GCC_DYNAMIC_NO_PIC = NO;
				GCC_NO_COMMON_BLOCKS = YES;
				GCC_OPTIMIZATION_LEVEL = 0;
				GCC_PREPROCESSOR_DEFINITIONS = (
					"DEBUG=1",
					"$(inherited)",
				);
				GCC_WARN_64_TO_32_BIT_CONVERSION = YES;
				GCC_WARN_ABOUT_RETURN_TYPE = YES_ERROR;
				GCC_WARN_UNDECLARED_SELECTOR = YES;
				GCC_WARN_UNINITIALIZED_AUTOS = YES_AGGRESSIVE;
				GCC_WARN_UNUSED_FUNCTION = YES;
				GCC_WARN_UNUSED_VARIABLE = YES;
				IPHONEOS_DEPLOYMENT_TARGET = 13.1;
				MTL_ENABLE_DEBUG_INFO = INCLUDE_SOURCE;
				MTL_FAST_MATH = YES;
				ONLY_ACTIVE_ARCH = YES;
				SDKROOT = iphoneos;
				SWIFT_ACTIVE_COMPILATION_CONDITIONS = DEBUG;
				SWIFT_OPTIMIZATION_LEVEL = "-Onone";
			};
			name = Debug;
		};
		34C1027C23B3784C007BA85F /* Release */ = {
			isa = XCBuildConfiguration;
			buildSettings = {
				ALWAYS_SEARCH_USER_PATHS = NO;
				CLANG_ANALYZER_NONNULL = YES;
				CLANG_ANALYZER_NUMBER_OBJECT_CONVERSION = YES_AGGRESSIVE;
				CLANG_CXX_LANGUAGE_STANDARD = "gnu++14";
				CLANG_CXX_LIBRARY = "libc++";
				CLANG_ENABLE_MODULES = YES;
				CLANG_ENABLE_OBJC_ARC = YES;
				CLANG_ENABLE_OBJC_WEAK = YES;
				CLANG_WARN_BLOCK_CAPTURE_AUTORELEASING = YES;
				CLANG_WARN_BOOL_CONVERSION = YES;
				CLANG_WARN_COMMA = YES;
				CLANG_WARN_CONSTANT_CONVERSION = YES;
				CLANG_WARN_DEPRECATED_OBJC_IMPLEMENTATIONS = YES;
				CLANG_WARN_DIRECT_OBJC_ISA_USAGE = YES_ERROR;
				CLANG_WARN_DOCUMENTATION_COMMENTS = YES;
				CLANG_WARN_EMPTY_BODY = YES;
				CLANG_WARN_ENUM_CONVERSION = YES;
				CLANG_WARN_INFINITE_RECURSION = YES;
				CLANG_WARN_INT_CONVERSION = YES;
				CLANG_WARN_NON_LITERAL_NULL_CONVERSION = YES;
				CLANG_WARN_OBJC_IMPLICIT_RETAIN_SELF = YES;
				CLANG_WARN_OBJC_LITERAL_CONVERSION = YES;
				CLANG_WARN_OBJC_ROOT_CLASS = YES_ERROR;
				CLANG_WARN_RANGE_LOOP_ANALYSIS = YES;
				CLANG_WARN_STRICT_PROTOTYPES = YES;
				CLANG_WARN_SUSPICIOUS_MOVE = YES;
				CLANG_WARN_UNGUARDED_AVAILABILITY = YES_AGGRESSIVE;
				CLANG_WARN_UNREACHABLE_CODE = YES;
				CLANG_WARN__DUPLICATE_METHOD_MATCH = YES;
				COPY_PHASE_STRIP = NO;
				DEBUG_INFORMATION_FORMAT = "dwarf-with-dsym";
				ENABLE_NS_ASSERTIONS = NO;
				ENABLE_STRICT_OBJC_MSGSEND = YES;
				GCC_C_LANGUAGE_STANDARD = gnu11;
				GCC_NO_COMMON_BLOCKS = YES;
				GCC_WARN_64_TO_32_BIT_CONVERSION = YES;
				GCC_WARN_ABOUT_RETURN_TYPE = YES_ERROR;
				GCC_WARN_UNDECLARED_SELECTOR = YES;
				GCC_WARN_UNINITIALIZED_AUTOS = YES_AGGRESSIVE;
				GCC_WARN_UNUSED_FUNCTION = YES;
				GCC_WARN_UNUSED_VARIABLE = YES;
				IPHONEOS_DEPLOYMENT_TARGET = 13.1;
				MTL_ENABLE_DEBUG_INFO = NO;
				MTL_FAST_MATH = YES;
				SDKROOT = iphoneos;
				SWIFT_COMPILATION_MODE = wholemodule;
				SWIFT_OPTIMIZATION_LEVEL = "-O";
				VALIDATE_PRODUCT = YES;
			};
			name = Release;
		};
		34C1027E23B3784C007BA85F /* Debug */ = {
			isa = XCBuildConfiguration;
			buildSettings = {
				ASSETCATALOG_COMPILER_APPICON_NAME = AppIcon;
				CODE_SIGN_STYLE = Automatic;
				DEVELOPMENT_ASSET_PATHS = "\"BetterInstafilter/Preview Content\"";
				ENABLE_PREVIEWS = YES;
				INFOPLIST_FILE = BetterInstafilter/Info.plist;
				LD_RUNPATH_SEARCH_PATHS = (
					"$(inherited)",
					"@executable_path/Frameworks",
				);
				PRODUCT_BUNDLE_IDENTIFIER = ck3g.tatarintev.vitali.BetterInstafilter;
				PRODUCT_NAME = "$(TARGET_NAME)";
				SWIFT_VERSION = 5.0;
				TARGETED_DEVICE_FAMILY = "1,2";
			};
			name = Debug;
		};
		34C1027F23B3784C007BA85F /* Release */ = {
			isa = XCBuildConfiguration;
			buildSettings = {
				ASSETCATALOG_COMPILER_APPICON_NAME = AppIcon;
				CODE_SIGN_STYLE = Automatic;
				DEVELOPMENT_ASSET_PATHS = "\"BetterInstafilter/Preview Content\"";
				ENABLE_PREVIEWS = YES;
				INFOPLIST_FILE = BetterInstafilter/Info.plist;
				LD_RUNPATH_SEARCH_PATHS = (
					"$(inherited)",
					"@executable_path/Frameworks",
				);
				PRODUCT_BUNDLE_IDENTIFIER = ck3g.tatarintev.vitali.BetterInstafilter;
				PRODUCT_NAME = "$(TARGET_NAME)";
				SWIFT_VERSION = 5.0;
				TARGETED_DEVICE_FAMILY = "1,2";
			};
			name = Release;
		};
/* End XCBuildConfiguration section */

/* Begin XCConfigurationList section */
		34C1026123B3784A007BA85F /* Build configuration list for PBXProject "BetterInstafilter" */ = {
			isa = XCConfigurationList;
			buildConfigurations = (
				34C1027B23B3784C007BA85F /* Debug */,
				34C1027C23B3784C007BA85F /* Release */,
			);
			defaultConfigurationIsVisible = 0;
			defaultConfigurationName = Release;
		};
		34C1027D23B3784C007BA85F /* Build configuration list for PBXNativeTarget "BetterInstafilter" */ = {
			isa = XCConfigurationList;
			buildConfigurations = (
				34C1027E23B3784C007BA85F /* Debug */,
				34C1027F23B3784C007BA85F /* Release */,
			);
			defaultConfigurationIsVisible = 0;
			defaultConfigurationName = Release;
		};
/* End XCConfigurationList section */

/* Begin XCVersionGroup section */
		34C1026D23B3784A007BA85F /* BetterInstafilter.xcdatamodeld */ = {
			isa = XCVersionGroup;
			children = (
				34C1026E23B3784A007BA85F /* BetterInstafilter.xcdatamodel */,
			);
			currentVersion = 34C1026E23B3784A007BA85F /* BetterInstafilter.xcdatamodel */;
			path = BetterInstafilter.xcdatamodeld;
			sourceTree = "<group>";
			versionGroupType = wrapper.xcdatamodel;
		};
/* End XCVersionGroup section */
	};
	rootObject = 34C1025E23B3784A007BA85F /* Project object */;
}
