// !$*UTF8*$!
{
	archiveVersion = 1;
	classes = {
	};
	objectVersion = 50;
	objects = {

/* Begin PBXBuildFile section */
		342CA10023A75B4F00520375 /* AppDelegate.swift in Sources */ = {isa = PBXBuildFile; fileRef = 342CA0FF23A75B4F00520375 /* AppDelegate.swift */; };
		342CA10223A75B4F00520375 /* SceneDelegate.swift in Sources */ = {isa = PBXBuildFile; fileRef = 342CA10123A75B4F00520375 /* SceneDelegate.swift */; };
		342CA10523A75B4F00520375 /* FriendFace.xcdatamodeld in Sources */ = {isa = PBXBuildFile; fileRef = 342CA10323A75B4F00520375 /* FriendFace.xcdatamodeld */; };
		342CA10723A75B4F00520375 /* ContentView.swift in Sources */ = {isa = PBXBuildFile; fileRef = 342CA10623A75B4F00520375 /* ContentView.swift */; };
		342CA10923A75B5100520375 /* Assets.xcassets in Resources */ = {isa = PBXBuildFile; fileRef = 342CA10823A75B5100520375 /* Assets.xcassets */; };
		342CA10C23A75B5100520375 /* Preview Assets.xcassets in Resources */ = {isa = PBXBuildFile; fileRef = 342CA10B23A75B5100520375 /* Preview Assets.xcassets */; };
		342CA10F23A75B5100520375 /* LaunchScreen.storyboard in Resources */ = {isa = PBXBuildFile; fileRef = 342CA10D23A75B5100520375 /* LaunchScreen.storyboard */; };
		342CA11723A75C3000520375 /* Friend.swift in Sources */ = {isa = PBXBuildFile; fileRef = 342CA11623A75C3000520375 /* Friend.swift */; };
		342CA11923A75D1B00520375 /* User.swift in Sources */ = {isa = PBXBuildFile; fileRef = 342CA11823A75D1B00520375 /* User.swift */; };
		34896DD023A8B7C500C65B0D /* UserDetailView.swift in Sources */ = {isa = PBXBuildFile; fileRef = 34896DCF23A8B7C500C65B0D /* UserDetailView.swift */; };
/* End PBXBuildFile section */

/* Begin PBXFileReference section */
		342CA0FC23A75B4F00520375 /* FriendFace.app */ = {isa = PBXFileReference; explicitFileType = wrapper.application; includeInIndex = 0; path = FriendFace.app; sourceTree = BUILT_PRODUCTS_DIR; };
		342CA0FF23A75B4F00520375 /* AppDelegate.swift */ = {isa = PBXFileReference; lastKnownFileType = sourcecode.swift; path = AppDelegate.swift; sourceTree = "<group>"; };
		342CA10123A75B4F00520375 /* SceneDelegate.swift */ = {isa = PBXFileReference; lastKnownFileType = sourcecode.swift; path = SceneDelegate.swift; sourceTree = "<group>"; };
		342CA10423A75B4F00520375 /* FriendFace.xcdatamodel */ = {isa = PBXFileReference; lastKnownFileType = wrapper.xcdatamodel; path = FriendFace.xcdatamodel; sourceTree = "<group>"; };
		342CA10623A75B4F00520375 /* ContentView.swift */ = {isa = PBXFileReference; lastKnownFileType = sourcecode.swift; path = ContentView.swift; sourceTree = "<group>"; };
		342CA10823A75B5100520375 /* Assets.xcassets */ = {isa = PBXFileReference; lastKnownFileType = folder.assetcatalog; path = Assets.xcassets; sourceTree = "<group>"; };
		342CA10B23A75B5100520375 /* Preview Assets.xcassets */ = {isa = PBXFileReference; lastKnownFileType = folder.assetcatalog; path = "Preview Assets.xcassets"; sourceTree = "<group>"; };
		342CA10E23A75B5100520375 /* Base */ = {isa = PBXFileReference; lastKnownFileType = file.storyboard; name = Base; path = Base.lproj/LaunchScreen.storyboard; sourceTree = "<group>"; };
		342CA11023A75B5100520375 /* Info.plist */ = {isa = PBXFileReference; lastKnownFileType = text.plist.xml; path = Info.plist; sourceTree = "<group>"; };
		342CA11623A75C3000520375 /* Friend.swift */ = {isa = PBXFileReference; lastKnownFileType = sourcecode.swift; path = Friend.swift; sourceTree = "<group>"; };
		342CA11823A75D1B00520375 /* User.swift */ = {isa = PBXFileReference; lastKnownFileType = sourcecode.swift; path = User.swift; sourceTree = "<group>"; };
		34896DCF23A8B7C500C65B0D /* UserDetailView.swift */ = {isa = PBXFileReference; lastKnownFileType = sourcecode.swift; path = UserDetailView.swift; sourceTree = "<group>"; };
/* End PBXFileReference section */

/* Begin PBXFrameworksBuildPhase section */
		342CA0F923A75B4F00520375 /* Frameworks */ = {
			isa = PBXFrameworksBuildPhase;
			buildActionMask = 2147483647;
			files = (
			);
			runOnlyForDeploymentPostprocessing = 0;
		};
/* End PBXFrameworksBuildPhase section */

/* Begin PBXGroup section */
		342CA0F323A75B4F00520375 = {
			isa = PBXGroup;
			children = (
				342CA0FE23A75B4F00520375 /* FriendFace */,
				342CA0FD23A75B4F00520375 /* Products */,
			);
			sourceTree = "<group>";
		};
		342CA0FD23A75B4F00520375 /* Products */ = {
			isa = PBXGroup;
			children = (
				342CA0FC23A75B4F00520375 /* FriendFace.app */,
			);
			name = Products;
			sourceTree = "<group>";
		};
		342CA0FE23A75B4F00520375 /* FriendFace */ = {
			isa = PBXGroup;
			children = (
				342CA0FF23A75B4F00520375 /* AppDelegate.swift */,
				342CA10123A75B4F00520375 /* SceneDelegate.swift */,
				342CA10623A75B4F00520375 /* ContentView.swift */,
				342CA10823A75B5100520375 /* Assets.xcassets */,
				342CA10D23A75B5100520375 /* LaunchScreen.storyboard */,
				342CA11023A75B5100520375 /* Info.plist */,
				342CA10323A75B4F00520375 /* FriendFace.xcdatamodeld */,
				342CA10A23A75B5100520375 /* Preview Content */,
				342CA11623A75C3000520375 /* Friend.swift */,
				342CA11823A75D1B00520375 /* User.swift */,
				34896DCF23A8B7C500C65B0D /* UserDetailView.swift */,
			);
			path = FriendFace;
			sourceTree = "<group>";
		};
		342CA10A23A75B5100520375 /* Preview Content */ = {
			isa = PBXGroup;
			children = (
				342CA10B23A75B5100520375 /* Preview Assets.xcassets */,
			);
			path = "Preview Content";
			sourceTree = "<group>";
		};
/* End PBXGroup section */

/* Begin PBXNativeTarget section */
		342CA0FB23A75B4F00520375 /* FriendFace */ = {
			isa = PBXNativeTarget;
			buildConfigurationList = 342CA11323A75B5100520375 /* Build configuration list for PBXNativeTarget "FriendFace" */;
			buildPhases = (
				342CA0F823A75B4F00520375 /* Sources */,
				342CA0F923A75B4F00520375 /* Frameworks */,
				342CA0FA23A75B4F00520375 /* Resources */,
			);
			buildRules = (
			);
			dependencies = (
			);
			name = FriendFace;
			productName = FriendFace;
			productReference = 342CA0FC23A75B4F00520375 /* FriendFace.app */;
			productType = "com.apple.product-type.application";
		};
/* End PBXNativeTarget section */

/* Begin PBXProject section */
		342CA0F423A75B4F00520375 /* Project object */ = {
			isa = PBXProject;
			attributes = {
				LastSwiftUpdateCheck = 1110;
				LastUpgradeCheck = 1110;
				ORGANIZATIONNAME = "Vitali Tatarintev";
				TargetAttributes = {
					342CA0FB23A75B4F00520375 = {
						CreatedOnToolsVersion = 11.1;
					};
				};
			};
			buildConfigurationList = 342CA0F723A75B4F00520375 /* Build configuration list for PBXProject "FriendFace" */;
			compatibilityVersion = "Xcode 9.3";
			developmentRegion = en;
			hasScannedForEncodings = 0;
			knownRegions = (
				en,
				Base,
			);
			mainGroup = 342CA0F323A75B4F00520375;
			productRefGroup = 342CA0FD23A75B4F00520375 /* Products */;
			projectDirPath = "";
			projectRoot = "";
			targets = (
				342CA0FB23A75B4F00520375 /* FriendFace */,
			);
		};
/* End PBXProject section */

/* Begin PBXResourcesBuildPhase section */
		342CA0FA23A75B4F00520375 /* Resources */ = {
			isa = PBXResourcesBuildPhase;
			buildActionMask = 2147483647;
			files = (
				342CA10F23A75B5100520375 /* LaunchScreen.storyboard in Resources */,
				342CA10C23A75B5100520375 /* Preview Assets.xcassets in Resources */,
				342CA10923A75B5100520375 /* Assets.xcassets in Resources */,
			);
			runOnlyForDeploymentPostprocessing = 0;
		};
/* End PBXResourcesBuildPhase section */

/* Begin PBXSourcesBuildPhase section */
		342CA0F823A75B4F00520375 /* Sources */ = {
			isa = PBXSourcesBuildPhase;
			buildActionMask = 2147483647;
			files = (
				342CA10523A75B4F00520375 /* FriendFace.xcdatamodeld in Sources */,
				342CA10023A75B4F00520375 /* AppDelegate.swift in Sources */,
				342CA11923A75D1B00520375 /* User.swift in Sources */,
				342CA11723A75C3000520375 /* Friend.swift in Sources */,
				34896DD023A8B7C500C65B0D /* UserDetailView.swift in Sources */,
				342CA10723A75B4F00520375 /* ContentView.swift in Sources */,
				342CA10223A75B4F00520375 /* SceneDelegate.swift in Sources */,
			);
			runOnlyForDeploymentPostprocessing = 0;
		};
/* End PBXSourcesBuildPhase section */

/* Begin PBXVariantGroup section */
		342CA10D23A75B5100520375 /* LaunchScreen.storyboard */ = {
			isa = PBXVariantGroup;
			children = (
				342CA10E23A75B5100520375 /* Base */,
			);
			name = LaunchScreen.storyboard;
			sourceTree = "<group>";
		};
/* End PBXVariantGroup section */

/* Begin XCBuildConfiguration section */
		342CA11123A75B5100520375 /* Debug */ = {
			isa = XCBuildConfiguration;
			buildSettings = {
				ALWAYS_SEARCH_USER_PATHS = NO;
				CLANG_ANALYZER_NONNULL = YES;
				CLANG_ANALYZER_NUMBER_OBJECT_CONVERSION = YES_AGGRESSIVE;
				CLANG_CXX_LANGUAGE_STANDARD = "gnu++14";
				CLANG_CXX_LIBRARY = "libc++";
				CLANG_ENABLE_MODULES = YES;
				CLANG_ENABLE_OBJC_ARC = YES;
				CLANG_ENABLE_OBJC_WEAK = YES;
				CLANG_WARN_BLOCK_CAPTURE_AUTORELEASING = YES;
				CLANG_WARN_BOOL_CONVERSION = YES;
				CLANG_WARN_COMMA = YES;
				CLANG_WARN_CONSTANT_CONVERSION = YES;
				CLANG_WARN_DEPRECATED_OBJC_IMPLEMENTATIONS = YES;
				CLANG_WARN_DIRECT_OBJC_ISA_USAGE = YES_ERROR;
				CLANG_WARN_DOCUMENTATION_COMMENTS = YES;
				CLANG_WARN_EMPTY_BODY = YES;
				CLANG_WARN_ENUM_CONVERSION = YES;
				CLANG_WARN_INFINITE_RECURSION = YES;
				CLANG_WARN_INT_CONVERSION = YES;
				CLANG_WARN_NON_LITERAL_NULL_CONVERSION = YES;
				CLANG_WARN_OBJC_IMPLICIT_RETAIN_SELF = YES;
				CLANG_WARN_OBJC_LITERAL_CONVERSION = YES;
				CLANG_WARN_OBJC_ROOT_CLASS = YES_ERROR;
				CLANG_WARN_RANGE_LOOP_ANALYSIS = YES;
				CLANG_WARN_STRICT_PROTOTYPES = YES;
				CLANG_WARN_SUSPICIOUS_MOVE = YES;
				CLANG_WARN_UNGUARDED_AVAILABILITY = YES_AGGRESSIVE;
				CLANG_WARN_UNREACHABLE_CODE = YES;
				CLANG_WARN__DUPLICATE_METHOD_MATCH = YES;
				COPY_PHASE_STRIP = NO;
				DEBUG_INFORMATION_FORMAT = dwarf;
				ENABLE_STRICT_OBJC_MSGSEND = YES;
				ENABLE_TESTABILITY = YES;
				GCC_C_LANGUAGE_STANDARD = gnu11;
				GCC_DYNAMIC_NO_PIC = NO;
				GCC_NO_COMMON_BLOCKS = YES;
				GCC_OPTIMIZATION_LEVEL = 0;
				GCC_PREPROCESSOR_DEFINITIONS = (
					"DEBUG=1",
					"$(inherited)",
				);
				GCC_WARN_64_TO_32_BIT_CONVERSION = YES;
				GCC_WARN_ABOUT_RETURN_TYPE = YES_ERROR;
				GCC_WARN_UNDECLARED_SELECTOR = YES;
				GCC_WARN_UNINITIALIZED_AUTOS = YES_AGGRESSIVE;
				GCC_WARN_UNUSED_FUNCTION = YES;
				GCC_WARN_UNUSED_VARIABLE = YES;
				IPHONEOS_DEPLOYMENT_TARGET = 13.1;
				MTL_ENABLE_DEBUG_INFO = INCLUDE_SOURCE;
				MTL_FAST_MATH = YES;
				ONLY_ACTIVE_ARCH = YES;
				SDKROOT = iphoneos;
				SWIFT_ACTIVE_COMPILATION_CONDITIONS = DEBUG;
				SWIFT_OPTIMIZATION_LEVEL = "-Onone";
			};
			name = Debug;
		};
		342CA11223A75B5100520375 /* Release */ = {
			isa = XCBuildConfiguration;
			buildSettings = {
				ALWAYS_SEARCH_USER_PATHS = NO;
				CLANG_ANALYZER_NONNULL = YES;
				CLANG_ANALYZER_NUMBER_OBJECT_CONVERSION = YES_AGGRESSIVE;
				CLANG_CXX_LANGUAGE_STANDARD = "gnu++14";
				CLANG_CXX_LIBRARY = "libc++";
				CLANG_ENABLE_MODULES = YES;
				CLANG_ENABLE_OBJC_ARC = YES;
				CLANG_ENABLE_OBJC_WEAK = YES;
				CLANG_WARN_BLOCK_CAPTURE_AUTORELEASING = YES;
				CLANG_WARN_BOOL_CONVERSION = YES;
				CLANG_WARN_COMMA = YES;
				CLANG_WARN_CONSTANT_CONVERSION = YES;
				CLANG_WARN_DEPRECATED_OBJC_IMPLEMENTATIONS = YES;
				CLANG_WARN_DIRECT_OBJC_ISA_USAGE = YES_ERROR;
				CLANG_WARN_DOCUMENTATION_COMMENTS = YES;
				CLANG_WARN_EMPTY_BODY = YES;
				CLANG_WARN_ENUM_CONVERSION = YES;
				CLANG_WARN_INFINITE_RECURSION = YES;
				CLANG_WARN_INT_CONVERSION = YES;
				CLANG_WARN_NON_LITERAL_NULL_CONVERSION = YES;
				CLANG_WARN_OBJC_IMPLICIT_RETAIN_SELF = YES;
				CLANG_WARN_OBJC_LITERAL_CONVERSION = YES;
				CLANG_WARN_OBJC_ROOT_CLASS = YES_ERROR;
				CLANG_WARN_RANGE_LOOP_ANALYSIS = YES;
				CLANG_WARN_STRICT_PROTOTYPES = YES;
				CLANG_WARN_SUSPICIOUS_MOVE = YES;
				CLANG_WARN_UNGUARDED_AVAILABILITY = YES_AGGRESSIVE;
				CLANG_WARN_UNREACHABLE_CODE = YES;
				CLANG_WARN__DUPLICATE_METHOD_MATCH = YES;
				COPY_PHASE_STRIP = NO;
				DEBUG_INFORMATION_FORMAT = "dwarf-with-dsym";
				ENABLE_NS_ASSERTIONS = NO;
				ENABLE_STRICT_OBJC_MSGSEND = YES;
				GCC_C_LANGUAGE_STANDARD = gnu11;
				GCC_NO_COMMON_BLOCKS = YES;
				GCC_WARN_64_TO_32_BIT_CONVERSION = YES;
				GCC_WARN_ABOUT_RETURN_TYPE = YES_ERROR;
				GCC_WARN_UNDECLARED_SELECTOR = YES;
				GCC_WARN_UNINITIALIZED_AUTOS = YES_AGGRESSIVE;
				GCC_WARN_UNUSED_FUNCTION = YES;
				GCC_WARN_UNUSED_VARIABLE = YES;
				IPHONEOS_DEPLOYMENT_TARGET = 13.1;
				MTL_ENABLE_DEBUG_INFO = NO;
				MTL_FAST_MATH = YES;
				SDKROOT = iphoneos;
				SWIFT_COMPILATION_MODE = wholemodule;
				SWIFT_OPTIMIZATION_LEVEL = "-O";
				VALIDATE_PRODUCT = YES;
			};
			name = Release;
		};
		342CA11423A75B5100520375 /* Debug */ = {
			isa = XCBuildConfiguration;
			buildSettings = {
				ASSETCATALOG_COMPILER_APPICON_NAME = AppIcon;
				CODE_SIGN_STYLE = Automatic;
				DEVELOPMENT_ASSET_PATHS = "\"FriendFace/Preview Content\"";
				ENABLE_PREVIEWS = YES;
				INFOPLIST_FILE = FriendFace/Info.plist;
				LD_RUNPATH_SEARCH_PATHS = (
					"$(inherited)",
					"@executable_path/Frameworks",
				);
				PRODUCT_BUNDLE_IDENTIFIER = ck3g.tatarintev.vitali.FriendFace;
				PRODUCT_NAME = "$(TARGET_NAME)";
				SWIFT_VERSION = 5.0;
				TARGETED_DEVICE_FAMILY = "1,2";
			};
			name = Debug;
		};
		342CA11523A75B5100520375 /* Release */ = {
			isa = XCBuildConfiguration;
			buildSettings = {
				ASSETCATALOG_COMPILER_APPICON_NAME = AppIcon;
				CODE_SIGN_STYLE = Automatic;
				DEVELOPMENT_ASSET_PATHS = "\"FriendFace/Preview Content\"";
				ENABLE_PREVIEWS = YES;
				INFOPLIST_FILE = FriendFace/Info.plist;
				LD_RUNPATH_SEARCH_PATHS = (
					"$(inherited)",
					"@executable_path/Frameworks",
				);
				PRODUCT_BUNDLE_IDENTIFIER = ck3g.tatarintev.vitali.FriendFace;
				PRODUCT_NAME = "$(TARGET_NAME)";
				SWIFT_VERSION = 5.0;
				TARGETED_DEVICE_FAMILY = "1,2";
			};
			name = Release;
		};
/* End XCBuildConfiguration section */

/* Begin XCConfigurationList section */
		342CA0F723A75B4F00520375 /* Build configuration list for PBXProject "FriendFace" */ = {
			isa = XCConfigurationList;
			buildConfigurations = (
				342CA11123A75B5100520375 /* Debug */,
				342CA11223A75B5100520375 /* Release */,
			);
			defaultConfigurationIsVisible = 0;
			defaultConfigurationName = Release;
		};
		342CA11323A75B5100520375 /* Build configuration list for PBXNativeTarget "FriendFace" */ = {
			isa = XCConfigurationList;
			buildConfigurations = (
				342CA11423A75B5100520375 /* Debug */,
				342CA11523A75B5100520375 /* Release */,
			);
			defaultConfigurationIsVisible = 0;
			defaultConfigurationName = Release;
		};
/* End XCConfigurationList section */

/* Begin XCVersionGroup section */
		342CA10323A75B4F00520375 /* FriendFace.xcdatamodeld */ = {
			isa = XCVersionGroup;
			children = (
				342CA10423A75B4F00520375 /* FriendFace.xcdatamodel */,
			);
			currentVersion = 342CA10423A75B4F00520375 /* FriendFace.xcdatamodel */;
			path = FriendFace.xcdatamodeld;
			sourceTree = "<group>";
			versionGroupType = wrapper.xcdatamodel;
		};
/* End XCVersionGroup section */
	};
	rootObject = 342CA0F423A75B4F00520375 /* Project object */;
}
