// !$*UTF8*$!
{
	archiveVersion = 1;
	classes = {
	};
	objectVersion = 50;
	objects = {

/* Begin PBXBuildFile section */
		3432C203237FD9EA0067750C /* AppDelegate.swift in Sources */ = {isa = PBXBuildFile; fileRef = 3432C202237FD9EA0067750C /* AppDelegate.swift */; };
		3432C205237FD9EA0067750C /* SceneDelegate.swift in Sources */ = {isa = PBXBuildFile; fileRef = 3432C204237FD9EA0067750C /* SceneDelegate.swift */; };
		3432C207237FD9EA0067750C /* ContentView.swift in Sources */ = {isa = PBXBuildFile; fileRef = 3432C206237FD9EA0067750C /* ContentView.swift */; };
		3432C209237FD9EB0067750C /* Assets.xcassets in Resources */ = {isa = PBXBuildFile; fileRef = 3432C208237FD9EB0067750C /* Assets.xcassets */; };
		3432C20C237FD9EB0067750C /* Preview Assets.xcassets in Resources */ = {isa = PBXBuildFile; fileRef = 3432C20B237FD9EB0067750C /* Preview Assets.xcassets */; };
		3432C20F237FD9EB0067750C /* LaunchScreen.storyboard in Resources */ = {isa = PBXBuildFile; fileRef = 3432C20D237FD9EB0067750C /* LaunchScreen.storyboard */; };
		3432C217238135860067750C /* ExamplesView.swift in Sources */ = {isa = PBXBuildFile; fileRef = 3432C216238135860067750C /* ExamplesView.swift */; };
		3432C219238137A00067750C /* MoreExamplesView.swift in Sources */ = {isa = PBXBuildFile; fileRef = 3432C218238137A00067750C /* MoreExamplesView.swift */; };
		3432C21B238139AF0067750C /* EvenMoreExamplesView.swift in Sources */ = {isa = PBXBuildFile; fileRef = 3432C21A238139AF0067750C /* EvenMoreExamplesView.swift */; };
		3432C21D23813B590067750C /* GestureExamplesView.swift in Sources */ = {isa = PBXBuildFile; fileRef = 3432C21C23813B590067750C /* GestureExamplesView.swift */; };
		3432C21F23813E0F0067750C /* MoreGestureExamplesView.swift in Sources */ = {isa = PBXBuildFile; fileRef = 3432C21E23813E0F0067750C /* MoreGestureExamplesView.swift */; };
/* End PBXBuildFile section */

/* Begin PBXFileReference section */
		3432C1FF237FD9EA0067750C /* Animations.app */ = {isa = PBXFileReference; explicitFileType = wrapper.application; includeInIndex = 0; path = Animations.app; sourceTree = BUILT_PRODUCTS_DIR; };
		3432C202237FD9EA0067750C /* AppDelegate.swift */ = {isa = PBXFileReference; lastKnownFileType = sourcecode.swift; path = AppDelegate.swift; sourceTree = "<group>"; };
		3432C204237FD9EA0067750C /* SceneDelegate.swift */ = {isa = PBXFileReference; lastKnownFileType = sourcecode.swift; path = SceneDelegate.swift; sourceTree = "<group>"; };
		3432C206237FD9EA0067750C /* ContentView.swift */ = {isa = PBXFileReference; lastKnownFileType = sourcecode.swift; path = ContentView.swift; sourceTree = "<group>"; };
		3432C208237FD9EB0067750C /* Assets.xcassets */ = {isa = PBXFileReference; lastKnownFileType = folder.assetcatalog; path = Assets.xcassets; sourceTree = "<group>"; };
		3432C20B237FD9EB0067750C /* Preview Assets.xcassets */ = {isa = PBXFileReference; lastKnownFileType = folder.assetcatalog; path = "Preview Assets.xcassets"; sourceTree = "<group>"; };
		3432C20E237FD9EB0067750C /* Base */ = {isa = PBXFileReference; lastKnownFileType = file.storyboard; name = Base; path = Base.lproj/LaunchScreen.storyboard; sourceTree = "<group>"; };
		3432C210237FD9EB0067750C /* Info.plist */ = {isa = PBXFileReference; lastKnownFileType = text.plist.xml; path = Info.plist; sourceTree = "<group>"; };
		3432C216238135860067750C /* ExamplesView.swift */ = {isa = PBXFileReference; lastKnownFileType = sourcecode.swift; path = ExamplesView.swift; sourceTree = "<group>"; };
		3432C218238137A00067750C /* MoreExamplesView.swift */ = {isa = PBXFileReference; lastKnownFileType = sourcecode.swift; path = MoreExamplesView.swift; sourceTree = "<group>"; };
		3432C21A238139AF0067750C /* EvenMoreExamplesView.swift */ = {isa = PBXFileReference; lastKnownFileType = sourcecode.swift; path = EvenMoreExamplesView.swift; sourceTree = "<group>"; };
		3432C21C23813B590067750C /* GestureExamplesView.swift */ = {isa = PBXFileReference; lastKnownFileType = sourcecode.swift; path = GestureExamplesView.swift; sourceTree = "<group>"; };
		3432C21E23813E0F0067750C /* MoreGestureExamplesView.swift */ = {isa = PBXFileReference; lastKnownFileType = sourcecode.swift; path = MoreGestureExamplesView.swift; sourceTree = "<group>"; };
/* End PBXFileReference section */

/* Begin PBXFrameworksBuildPhase section */
		3432C1FC237FD9EA0067750C /* Frameworks */ = {
			isa = PBXFrameworksBuildPhase;
			buildActionMask = 2147483647;
			files = (
			);
			runOnlyForDeploymentPostprocessing = 0;
		};
/* End PBXFrameworksBuildPhase section */

/* Begin PBXGroup section */
		3432C1F6237FD9EA0067750C = {
			isa = PBXGroup;
			children = (
				3432C201237FD9EA0067750C /* Animations */,
				3432C200237FD9EA0067750C /* Products */,
			);
			sourceTree = "<group>";
		};
		3432C200237FD9EA0067750C /* Products */ = {
			isa = PBXGroup;
			children = (
				3432C1FF237FD9EA0067750C /* Animations.app */,
			);
			name = Products;
			sourceTree = "<group>";
		};
		3432C201237FD9EA0067750C /* Animations */ = {
			isa = PBXGroup;
			children = (
				3432C202237FD9EA0067750C /* AppDelegate.swift */,
				3432C204237FD9EA0067750C /* SceneDelegate.swift */,
				3432C206237FD9EA0067750C /* ContentView.swift */,
				3432C208237FD9EB0067750C /* Assets.xcassets */,
				3432C20D237FD9EB0067750C /* LaunchScreen.storyboard */,
				3432C210237FD9EB0067750C /* Info.plist */,
				3432C20A237FD9EB0067750C /* Preview Content */,
				3432C216238135860067750C /* ExamplesView.swift */,
				3432C218238137A00067750C /* MoreExamplesView.swift */,
				3432C21A238139AF0067750C /* EvenMoreExamplesView.swift */,
				3432C21C23813B590067750C /* GestureExamplesView.swift */,
				3432C21E23813E0F0067750C /* MoreGestureExamplesView.swift */,
			);
			path = Animations;
			sourceTree = "<group>";
		};
		3432C20A237FD9EB0067750C /* Preview Content */ = {
			isa = PBXGroup;
			children = (
				3432C20B237FD9EB0067750C /* Preview Assets.xcassets */,
			);
			path = "Preview Content";
			sourceTree = "<group>";
		};
/* End PBXGroup section */

/* Begin PBXNativeTarget section */
		3432C1FE237FD9EA0067750C /* Animations */ = {
			isa = PBXNativeTarget;
			buildConfigurationList = 3432C213237FD9EB0067750C /* Build configuration list for PBXNativeTarget "Animations" */;
			buildPhases = (
				3432C1FB237FD9EA0067750C /* Sources */,
				3432C1FC237FD9EA0067750C /* Frameworks */,
				3432C1FD237FD9EA0067750C /* Resources */,
			);
			buildRules = (
			);
			dependencies = (
			);
			name = Animations;
			productName = Animations;
			productReference = 3432C1FF237FD9EA0067750C /* Animations.app */;
			productType = "com.apple.product-type.application";
		};
/* End PBXNativeTarget section */

/* Begin PBXProject section */
		3432C1F7237FD9EA0067750C /* Project object */ = {
			isa = PBXProject;
			attributes = {
				LastSwiftUpdateCheck = 1110;
				LastUpgradeCheck = 1110;
				ORGANIZATIONNAME = "Vitali Tatarintev";
				TargetAttributes = {
					3432C1FE237FD9EA0067750C = {
						CreatedOnToolsVersion = 11.1;
					};
				};
			};
			buildConfigurationList = 3432C1FA237FD9EA0067750C /* Build configuration list for PBXProject "Animations" */;
			compatibilityVersion = "Xcode 9.3";
			developmentRegion = en;
			hasScannedForEncodings = 0;
			knownRegions = (
				en,
				Base,
			);
			mainGroup = 3432C1F6237FD9EA0067750C;
			productRefGroup = 3432C200237FD9EA0067750C /* Products */;
			projectDirPath = "";
			projectRoot = "";
			targets = (
				3432C1FE237FD9EA0067750C /* Animations */,
			);
		};
/* End PBXProject section */

/* Begin PBXResourcesBuildPhase section */
		3432C1FD237FD9EA0067750C /* Resources */ = {
			isa = PBXResourcesBuildPhase;
			buildActionMask = 2147483647;
			files = (
				3432C20F237FD9EB0067750C /* LaunchScreen.storyboard in Resources */,
				3432C20C237FD9EB0067750C /* Preview Assets.xcassets in Resources */,
				3432C209237FD9EB0067750C /* Assets.xcassets in Resources */,
			);
			runOnlyForDeploymentPostprocessing = 0;
		};
/* End PBXResourcesBuildPhase section */

/* Begin PBXSourcesBuildPhase section */
		3432C1FB237FD9EA0067750C /* Sources */ = {
			isa = PBXSourcesBuildPhase;
			buildActionMask = 2147483647;
			files = (
				3432C21D23813B590067750C /* GestureExamplesView.swift in Sources */,
				3432C217238135860067750C /* ExamplesView.swift in Sources */,
				3432C203237FD9EA0067750C /* AppDelegate.swift in Sources */,
				3432C205237FD9EA0067750C /* SceneDelegate.swift in Sources */,
				3432C21F23813E0F0067750C /* MoreGestureExamplesView.swift in Sources */,
				3432C207237FD9EA0067750C /* ContentView.swift in Sources */,
				3432C21B238139AF0067750C /* EvenMoreExamplesView.swift in Sources */,
				3432C219238137A00067750C /* MoreExamplesView.swift in Sources */,
			);
			runOnlyForDeploymentPostprocessing = 0;
		};
/* End PBXSourcesBuildPhase section */

/* Begin PBXVariantGroup section */
		3432C20D237FD9EB0067750C /* LaunchScreen.storyboard */ = {
			isa = PBXVariantGroup;
			children = (
				3432C20E237FD9EB0067750C /* Base */,
			);
			name = LaunchScreen.storyboard;
			sourceTree = "<group>";
		};
/* End PBXVariantGroup section */

/* Begin XCBuildConfiguration section */
		3432C211237FD9EB0067750C /* Debug */ = {
			isa = XCBuildConfiguration;
			buildSettings = {
				ALWAYS_SEARCH_USER_PATHS = NO;
				CLANG_ANALYZER_NONNULL = YES;
				CLANG_ANALYZER_NUMBER_OBJECT_CONVERSION = YES_AGGRESSIVE;
				CLANG_CXX_LANGUAGE_STANDARD = "gnu++14";
				CLANG_CXX_LIBRARY = "libc++";
				CLANG_ENABLE_MODULES = YES;
				CLANG_ENABLE_OBJC_ARC = YES;
				CLANG_ENABLE_OBJC_WEAK = YES;
				CLANG_WARN_BLOCK_CAPTURE_AUTORELEASING = YES;
				CLANG_WARN_BOOL_CONVERSION = YES;
				CLANG_WARN_COMMA = YES;
				CLANG_WARN_CONSTANT_CONVERSION = YES;
				CLANG_WARN_DEPRECATED_OBJC_IMPLEMENTATIONS = YES;
				CLANG_WARN_DIRECT_OBJC_ISA_USAGE = YES_ERROR;
				CLANG_WARN_DOCUMENTATION_COMMENTS = YES;
				CLANG_WARN_EMPTY_BODY = YES;
				CLANG_WARN_ENUM_CONVERSION = YES;
				CLANG_WARN_INFINITE_RECURSION = YES;
				CLANG_WARN_INT_CONVERSION = YES;
				CLANG_WARN_NON_LITERAL_NULL_CONVERSION = YES;
				CLANG_WARN_OBJC_IMPLICIT_RETAIN_SELF = YES;
				CLANG_WARN_OBJC_LITERAL_CONVERSION = YES;
				CLANG_WARN_OBJC_ROOT_CLASS = YES_ERROR;
				CLANG_WARN_RANGE_LOOP_ANALYSIS = YES;
				CLANG_WARN_STRICT_PROTOTYPES = YES;
				CLANG_WARN_SUSPICIOUS_MOVE = YES;
				CLANG_WARN_UNGUARDED_AVAILABILITY = YES_AGGRESSIVE;
				CLANG_WARN_UNREACHABLE_CODE = YES;
				CLANG_WARN__DUPLICATE_METHOD_MATCH = YES;
				COPY_PHASE_STRIP = NO;
				DEBUG_INFORMATION_FORMAT = dwarf;
				ENABLE_STRICT_OBJC_MSGSEND = YES;
				ENABLE_TESTABILITY = YES;
				GCC_C_LANGUAGE_STANDARD = gnu11;
				GCC_DYNAMIC_NO_PIC = NO;
				GCC_NO_COMMON_BLOCKS = YES;
				GCC_OPTIMIZATION_LEVEL = 0;
				GCC_PREPROCESSOR_DEFINITIONS = (
					"DEBUG=1",
					"$(inherited)",
				);
				GCC_WARN_64_TO_32_BIT_CONVERSION = YES;
				GCC_WARN_ABOUT_RETURN_TYPE = YES_ERROR;
				GCC_WARN_UNDECLARED_SELECTOR = YES;
				GCC_WARN_UNINITIALIZED_AUTOS = YES_AGGRESSIVE;
				GCC_WARN_UNUSED_FUNCTION = YES;
				GCC_WARN_UNUSED_VARIABLE = YES;
				IPHONEOS_DEPLOYMENT_TARGET = 13.1;
				MTL_ENABLE_DEBUG_INFO = INCLUDE_SOURCE;
				MTL_FAST_MATH = YES;
				ONLY_ACTIVE_ARCH = YES;
				SDKROOT = iphoneos;
				SWIFT_ACTIVE_COMPILATION_CONDITIONS = DEBUG;
				SWIFT_OPTIMIZATION_LEVEL = "-Onone";
			};
			name = Debug;
		};
		3432C212237FD9EB0067750C /* Release */ = {
			isa = XCBuildConfiguration;
			buildSettings = {
				ALWAYS_SEARCH_USER_PATHS = NO;
				CLANG_ANALYZER_NONNULL = YES;
				CLANG_ANALYZER_NUMBER_OBJECT_CONVERSION = YES_AGGRESSIVE;
				CLANG_CXX_LANGUAGE_STANDARD = "gnu++14";
				CLANG_CXX_LIBRARY = "libc++";
				CLANG_ENABLE_MODULES = YES;
				CLANG_ENABLE_OBJC_ARC = YES;
				CLANG_ENABLE_OBJC_WEAK = YES;
				CLANG_WARN_BLOCK_CAPTURE_AUTORELEASING = YES;
				CLANG_WARN_BOOL_CONVERSION = YES;
				CLANG_WARN_COMMA = YES;
				CLANG_WARN_CONSTANT_CONVERSION = YES;
				CLANG_WARN_DEPRECATED_OBJC_IMPLEMENTATIONS = YES;
				CLANG_WARN_DIRECT_OBJC_ISA_USAGE = YES_ERROR;
				CLANG_WARN_DOCUMENTATION_COMMENTS = YES;
				CLANG_WARN_EMPTY_BODY = YES;
				CLANG_WARN_ENUM_CONVERSION = YES;
				CLANG_WARN_INFINITE_RECURSION = YES;
				CLANG_WARN_INT_CONVERSION = YES;
				CLANG_WARN_NON_LITERAL_NULL_CONVERSION = YES;
				CLANG_WARN_OBJC_IMPLICIT_RETAIN_SELF = YES;
				CLANG_WARN_OBJC_LITERAL_CONVERSION = YES;
				CLANG_WARN_OBJC_ROOT_CLASS = YES_ERROR;
				CLANG_WARN_RANGE_LOOP_ANALYSIS = YES;
				CLANG_WARN_STRICT_PROTOTYPES = YES;
				CLANG_WARN_SUSPICIOUS_MOVE = YES;
				CLANG_WARN_UNGUARDED_AVAILABILITY = YES_AGGRESSIVE;
				CLANG_WARN_UNREACHABLE_CODE = YES;
				CLANG_WARN__DUPLICATE_METHOD_MATCH = YES;
				COPY_PHASE_STRIP = NO;
				DEBUG_INFORMATION_FORMAT = "dwarf-with-dsym";
				ENABLE_NS_ASSERTIONS = NO;
				ENABLE_STRICT_OBJC_MSGSEND = YES;
				GCC_C_LANGUAGE_STANDARD = gnu11;
				GCC_NO_COMMON_BLOCKS = YES;
				GCC_WARN_64_TO_32_BIT_CONVERSION = YES;
				GCC_WARN_ABOUT_RETURN_TYPE = YES_ERROR;
				GCC_WARN_UNDECLARED_SELECTOR = YES;
				GCC_WARN_UNINITIALIZED_AUTOS = YES_AGGRESSIVE;
				GCC_WARN_UNUSED_FUNCTION = YES;
				GCC_WARN_UNUSED_VARIABLE = YES;
				IPHONEOS_DEPLOYMENT_TARGET = 13.1;
				MTL_ENABLE_DEBUG_INFO = NO;
				MTL_FAST_MATH = YES;
				SDKROOT = iphoneos;
				SWIFT_COMPILATION_MODE = wholemodule;
				SWIFT_OPTIMIZATION_LEVEL = "-O";
				VALIDATE_PRODUCT = YES;
			};
			name = Release;
		};
		3432C214237FD9EB0067750C /* Debug */ = {
			isa = XCBuildConfiguration;
			buildSettings = {
				ASSETCATALOG_COMPILER_APPICON_NAME = AppIcon;
				CODE_SIGN_STYLE = Automatic;
				DEVELOPMENT_ASSET_PATHS = "\"Animations/Preview Content\"";
				ENABLE_PREVIEWS = YES;
				INFOPLIST_FILE = Animations/Info.plist;
				LD_RUNPATH_SEARCH_PATHS = (
					"$(inherited)",
					"@executable_path/Frameworks",
				);
				PRODUCT_BUNDLE_IDENTIFIER = ck3g.tatarintev.vitali.Animations;
				PRODUCT_NAME = "$(TARGET_NAME)";
				SWIFT_VERSION = 5.0;
				TARGETED_DEVICE_FAMILY = "1,2";
			};
			name = Debug;
		};
		3432C215237FD9EB0067750C /* Release */ = {
			isa = XCBuildConfiguration;
			buildSettings = {
				ASSETCATALOG_COMPILER_APPICON_NAME = AppIcon;
				CODE_SIGN_STYLE = Automatic;
				DEVELOPMENT_ASSET_PATHS = "\"Animations/Preview Content\"";
				ENABLE_PREVIEWS = YES;
				INFOPLIST_FILE = Animations/Info.plist;
				LD_RUNPATH_SEARCH_PATHS = (
					"$(inherited)",
					"@executable_path/Frameworks",
				);
				PRODUCT_BUNDLE_IDENTIFIER = ck3g.tatarintev.vitali.Animations;
				PRODUCT_NAME = "$(TARGET_NAME)";
				SWIFT_VERSION = 5.0;
				TARGETED_DEVICE_FAMILY = "1,2";
			};
			name = Release;
		};
/* End XCBuildConfiguration section */

/* Begin XCConfigurationList section */
		3432C1FA237FD9EA0067750C /* Build configuration list for PBXProject "Animations" */ = {
			isa = XCConfigurationList;
			buildConfigurations = (
				3432C211237FD9EB0067750C /* Debug */,
				3432C212237FD9EB0067750C /* Release */,
			);
			defaultConfigurationIsVisible = 0;
			defaultConfigurationName = Release;
		};
		3432C213237FD9EB0067750C /* Build configuration list for PBXNativeTarget "Animations" */ = {
			isa = XCConfigurationList;
			buildConfigurations = (
				3432C214237FD9EB0067750C /* Debug */,
				3432C215237FD9EB0067750C /* Release */,
			);
			defaultConfigurationIsVisible = 0;
			defaultConfigurationName = Release;
		};
/* End XCConfigurationList section */
	};
	rootObject = 3432C1F7237FD9EA0067750C /* Project object */;
}
